github.com/beorn7/perks v1.0.1 h1:VlbKKnNfV8bJzeqoa4cOKqO6bYr3WgKZxO8Z16+hsOM=
github.com/beorn7/perks v1.0.1/go.mod h1:G2ZrVWU2WbWT9wwq4/hrbKbnv/1ERSJQ0ibhJ6rlkpw=
github.com/bobotu/testify v1.3.1-0.20190730155233-067b303304a8 h1:6AtqKc1qLILoI75+9PGIse6QGfSrZJOlKkUYpBgBAiE=
github.com/bobotu/testify v1.3.1-0.20190730155233-067b303304a8/go.mod h1:j7eGeouHqKxXV5pUuKE4zz7dFj8WfuZ+81PSLYec5m4=
github.com/coocood/bbloom v0.0.0-20180518162752-7774d68761e5 h1:A9dUQP3gNU5GjLMe8by8QM3mn+sHLRAlwquACitTHb0=
github.com/coocood/bbloom v0.0.0-20180518162752-7774d68761e5/go.mod h1:aXF5GNK2jkah+VKjINjpMxB29d5XlAKk4Yo1oX0q9wk=
github.com/coocood/bbloom v0.0.0-20190830030839-58deb6228d64 h1:W1SHiII3e0jVwvaQFglwu3kS9NLxOeTpvik7MbKCyuQ=
github.com/coocood/bbloom v0.0.0-20190830030839-58deb6228d64/go.mod h1:F86k/6c7aDUdwSUevnLpHS/3Q9hzYCE99jGk2xsHnt0=
github.com/coocood/rtutil v0.0.0-20190304133409-c84515f646f2 h1:NnLfQ77q0G4k2Of2c1ceQ0ec6MkLQyDp+IGdVM0D8XM=
github.com/coocood/rtutil v0.0.0-20190304133409-c84515f646f2/go.mod h1:7qG7YFnOALvsx6tKTNmQot8d7cGFXM9TidzvRFLWYwM=
github.com/davecgh/go-spew v1.1.0 h1:ZDRjVQ15GmhC3fiQ8ni8+OwkZQO4DARzQgrnXU1Liz8=
github.com/davecgh/go-spew v1.1.0/go.mod h1:J7Y8YcW2NihsgmVo/mv3lAwl/skON4iLHjSsI+c5H38=
github.com/dgryski/go-farm v0.0.0-20190104051053-3adb47b1fb0f h1:dDxpBYafY/GYpcl+LS4Bn3ziLPuEdGRkRjYAbSlWxSA=
github.com/dgryski/go-farm v0.0.0-20190104051053-3adb47b1fb0f/go.mod h1:SqUrOPUnsFjfmXRMNPybcSiG0BgUW2AuFH8PAnS2iTw=
github.com/dustin/go-humanize v1.0.0 h1:VSnTsYCnlFHaM2/igO1h6X3HA71jcobQuxemgkq4zYo=
github.com/dustin/go-humanize v1.0.0/go.mod h1:HtrtbFcZ19U5GC7JDqmcUSB87Iq5E25KnS6fMYU6eOk=
github.com/gogo/protobuf v1.2.1 h1:/s5zKNz0uPFCZ5hddgPdo2TK2TVrUNMn0OOX8/aZMTE=
github.com/gogo/protobuf v1.2.1/go.mod h1:hp+jE20tsWTFYpLwKvXlhS1hjn+gTNwPg2I6zVXpSg4=
github.com/golang/protobuf v1.3.1 h1:YF8+flBXS5eO826T4nzqPrxfhQThhXl0YzfuUPu4SBg=
github.com/golang/protobuf v1.3.1/go.mod h1:6lQm79b+lXiMfvg/cZm0SGofjICqVBUtrP5yJMmIC1U=
github.com/inconshreveable/mousetrap v1.0.0 h1:Z8tu5sraLXCXIcARxBp/8cbvlwVa7Z1NHg9XEKhtSvM=
github.com/inconshreveable/mousetrap v1.0.0/go.mod h1:PxqpIevigyE2G7u3NXJIT2ANytuPF1OarO4DADm73n8=
github.com/kisielk/errcheck v1.1.0/go.mod h1:EZBBE59ingxPouuu3KfxchcWSUPOHkagtvWXihfKN4Q=
github.com/kisielk/gotool v1.0.0/go.mod h1:XhKaO+MFFWcvkIS/tQcRk01m1F5IRFswLeQ+oQHNcck=
github.com/klauspost/cpuid v1.2.1 h1:vJi+O/nMdFt0vqm8NZBI6wzALWdA2X+egi0ogNyrC/w=
github.com/klauspost/cpuid v1.2.1/go.mod h1:Pj4uuM528wm8OyEC2QMXAi2YiTZ96dNQPGgoMS4s3ek=
github.com/matttproud/golang_protobuf_extensions v1.0.1 h1:4hp9jkHxhMHkqkrB3Ix0jegS5sx/RkqARlsWZ6pIwiU=
github.com/matttproud/golang_protobuf_extensions v1.0.1/go.mod h1:D8He9yQNgCq6Z5Ld7szi9bcBfOoFv/3dc6xSMkL2PC0=
github.com/ncw/directio v1.0.4 h1:CojwI07mCEmRkajgx42Pf8jyCwTs1ji9/Ij9/PJG12k=
github.com/ncw/directio v1.0.4/go.mod h1:CKGdcN7StAaqjT7Qack3lAXeX4pjnyc46YeqZH1yWVY=
github.com/ngaut/log v0.0.0-20180314031856-b8e36e7ba5ac h1:wyheT2lPXRQqYPWY2IVW5BTLrbqCsnhL61zK2R5goLA=
github.com/ngaut/log v0.0.0-20180314031856-b8e36e7ba5ac/go.mod h1:ueVCjKQllPmX7uEvCYnZD5b8qjidGf1TCH61arVe4SU=
github.com/pingcap/errors v0.11.0 h1:DCJQB8jrHbQ1VVlMFIrbj2ApScNNotVmkSNplu2yUt4=
github.com/pingcap/errors v0.11.0/go.mod h1:Oi8TUi2kEtXXLMJk9l1cGmz20kV3TaQ0usTwv5KuLY8=
github.com/pkg/errors v0.8.1 h1:iURUrRGxPUNPdy5/HRSm+Yj6okJ6UtLINN0Q9M4+h3I=
github.com/pkg/errors v0.8.1/go.mod h1:bwawxfHBFNV+L2hUp1rHADufV3IMtnDRdf1r5NINEl0=
github.com/pmezard/go-difflib v1.0.0 h1:4DBwDE0NGyQoBHbLQYPwSUPoCMWR5BEzIk/f1lZbAQM=
github.com/pmezard/go-difflib v1.0.0/go.mod h1:iKH77koFhYxTK1pcRnkKkqfTogsbg7gZNVY4sRDYZ/4=
github.com/prometheus/client_golang v0.9.0 h1:tXuTFVHC03mW0D+Ua1Q2d1EAVqLTuggX50V0VLICCzY=
github.com/prometheus/client_golang v0.9.0/go.mod h1:7SWBe2y4D6OKWSNQJUaRYU/AaXPKyh/dDVn+NZz0KFw=
github.com/prometheus/client_model v0.0.0-20180712105110-5c3871d89910 h1:idejC8f05m9MGOsuEi1ATq9shN03HrxNkD/luQvxCv8=
github.com/prometheus/client_model v0.0.0-20180712105110-5c3871d89910/go.mod h1:MbSGuTsp3dbXC40dX6PRTWyKYBIrTGTE9sqQNg2J8bo=
github.com/prometheus/common v0.0.0-20181020173914-7e9e6cabbd39 h1:Cto4X6SVMWRPBkJ/3YHn1iDGDGc/Z+sW+AEMKHMVvN4=
github.com/prometheus/common v0.0.0-20181020173914-7e9e6cabbd39/go.mod h1:daVV7qP5qjZbuso7PdcryaAu0sAZbrN9i7WWcTMWvro=
github.com/prometheus/procfs v0.0.0-20181005140218-185b4288413d h1:GoAlyOgbOEIFdaDqxJVlbOQ1DtGmZWs/Qau0hIlk+WQ=
github.com/prometheus/procfs v0.0.0-20181005140218-185b4288413d/go.mod h1:c3At6R/oaqEKCNdg8wHV1ftS6bRYblBhIjjI8uT2IGk=
github.com/spf13/cobra v0.0.3 h1:ZlrZ4XsMRm04Fr5pSFxBgfND2EBVa1nLpiy1stUsX/8=
github.com/spf13/cobra v0.0.3/go.mod h1:1l0Ry5zgKvJasoi3XT1TypsSe7PqH0Sj9dhYf7v3XqQ=
github.com/spf13/pflag v1.0.3 h1:zPAT6CGy6wXeQ7NtTnaTerfKOsV6V6F8agHXFiazDkg=
github.com/spf13/pflag v1.0.3/go.mod h1:DYY7MBk1bdzusC3SYhjObp+wFpr4gzcvqqNjLnInEg4=
github.com/stretchr/objx v0.1.0/go.mod h1:HFkY916IF+rwdDfMAkV7OtwuqBVzrE8GR6GFx+wExME=
github.com/stretchr/testify v1.3.0 h1:TivCn/peBQ7UY8ooIcPgZFpTNSz0Q2U6UrFlUfqbe0Q=
github.com/stretchr/testify v1.3.0/go.mod h1:M5WIy9Dh21IEIfnGCwXGc5bZfKNJtfHm1UVUgZn+9EI=
golang.org/x/sys v0.0.0-20190303192550-c2f5717e611c h1:AXm9RSDBofvoECjrx/I1fceu1mdoJP5zCjxjsOmyGgI=
golang.org/x/sys v0.0.0-20190303192550-c2f5717e611c/go.mod h1:STP8DvDyc/dI5b8T5hshtkjS+E42TnysNCUPdjciGhY=
golang.org/x/time v0.0.0-20181108054448-85acf8d2951c h1:fqgJT0MGcGpPgpWU7VRdRjuArfcOvC4AoJmILihzhDg=
golang.org/x/time v0.0.0-20181108054448-85acf8d2951c/go.mod h1:tRJNPiyCQ0inRvYxbN9jk5I+vvW/OXSQhTDSoE431IQ=
golang.org/x/tools v0.0.0-20180221164845-07fd8470d635/go.mod h1:n7NCudcB/nEzxVGmLbDWY5pfWTLqBcC2KZ6jyYvM4mQ=
gopkg.in/check.v1 v0.0.0-20161208181325-20d25e280405/go.mod h1:Co6ibVJAznAaIkqp8huTwlJQCZ016jof/cbN4VW5Yz0=
gopkg.in/yaml.v2 v2.2.2 h1:ZCJp+EgiOT7lHqUV2J862kp8Qj64Jo6az82+3Td9dZw=
gopkg.in/yaml.v2 v2.2.2/go.mod h1:hI93XBmqTisBFMUTm0b8Fm+jr3Dg1NNxqwp+5A1VGuI=
